
Microsoft Visual Studio Solution File, Format Version 12.00
# Visual Studio Version 17
VisualStudioVersion = 17.14.36511.14 d17.14
MinimumVisualStudioVersion = 10.0.40219.1
Project("{FAE04EC0-301F-11D3-BF4B-00C04F79EFBC}") = "MiPrimerMod", "MiPrimerMod\MiPrimerMod.csproj", "{D4235D87-5EC4-4F78-8CC8-471E9303D624}"
EndProject
Global
	GlobalSection(SolutionConfigurationPlatforms) = preSolution
		Debug|Any CPU = Debug|Any CPU
		Release|Any CPU = Release|Any CPU
	EndGlobalSection
	GlobalSection(ProjectConfigurationPlatforms) = postSolution
		{D4235D87-5EC4-4F78-8CC8-471E9303D624}.Debug|Any CPU.ActiveCfg = Debug|Any CPU
		{D4235D87-5EC4-4F78-8CC8-471E9303D624}.Debug|Any CPU.Build.0 = Debug|Any CPU
		{D4235D87-5EC4-4F78-8CC8-471E9303D624}.Release|Any CPU.ActiveCfg = Release|Any CPU
		{D4235D87-5EC4-4F78-8CC8-471E9303D624}.Release|Any CPU.Build.0 = Release|Any CPU
	EndGlobalSection
	GlobalSection(SolutionProperties) = preSolution
		HideSolutionNode = FALSE
	EndGlobalSection
	GlobalSection(ExtensibilityGlobals) = postSolution
		SolutionGuid = {193A6AB7-AD09-4F4F-B718-9EEA655F1B5E}
	EndGlobalSection
EndGlobal
